<?xml version="1.0" encoding="utf-8"?>
<Project ToolsVersion="4.0" xmlns="http://schemas.microsoft.com/developer/msbuild/2003">
  <ItemGroup>
    <ClCompile Include="Source\glad.c" />
    <ClCompile Include="..\Include\AK\Common\AkFilePackageLUT.cpp">
      <Filter>AK</Filter>
    </ClCompile>
    <ClCompile Include="..\Include\AK\Win32\AkDefaultIOHookBlocking.cpp">
      <Filter>AK</Filter>
    </ClCompile>
    <ClCompile Include="..\Include\AK\Win32\AkDefaultIOHookDeferred.cpp">
      <Filter>AK</Filter>
    </ClCompile>
    <ClCompile Include="..\Include\AK\Common\AkDefaultLowLevelIODispatcher.cpp">
      <Filter>AK</Filter>
    </ClCompile>
    <ClCompile Include="..\Include\AK\Common\AkFileLocationBase.cpp">
      <Filter>AK</Filter>
    </ClCompile>
    <ClCompile Include="..\Include\AK\Common\AkFilePackage.cpp">
      <Filter>AK</Filter>
    </ClCompile>
    <ClCompile Include="..\Include\AK\Common\AkMultipleFileLocation.cpp">
      <Filter>AK</Filter>
    </ClCompile>
    <ClCompile Include="Source\imgui.cpp">
      <Filter>ImGui</Filter>
    </ClCompile>
    <ClCompile Include="Source\imgui_demo.cpp">
      <Filter>ImGui</Filter>
    </ClCompile>
    <ClCompile Include="Source\imgui_draw.cpp">
      <Filter>ImGui</Filter>
    </ClCompile>
    <ClCompile Include="Source\imgui_tables.cpp">
      <Filter>ImGui</Filter>
    </ClCompile>
    <ClCompile Include="Source\imgui_widgets.cpp">
      <Filter>ImGui</Filter>
    </ClCompile>
    <ClCompile Include="Source\imgui_impl_glfw.cpp">
      <Filter>ImGui</Filter>
    </ClCompile>
    <ClCompile Include="Source\imgui_impl_opengl3.cpp">
      <Filter>ImGui</Filter>
    </ClCompile>
    <ClCompile Include="Source\imgui_stdlib.cpp">
      <Filter>ImGui</Filter>
    </ClCompile>
    <ClCompile Include="Source\ZeppelinBehavior.cpp">
      <Filter>Implementations\Behaviors</Filter>
    </ClCompile>
    <ClCompile Include="Source\CannonBehavior.cpp">
      <Filter>Implementations\Behaviors</Filter>
    </ClCompile>
    <ClCompile Include="Source\CityBehavior.cpp">
      <Filter>Implementations\Behaviors</Filter>
    </ClCompile>
    <ClCompile Include="Source\EmitterBehavior.cpp">
      <Filter>Implementations\Behaviors</Filter>
    </ClCompile>
    <ClCompile Include="Source\TowerBehavior.cpp">
      <Filter>Implementations\Behaviors</Filter>
    </ClCompile>
    <ClCompile Include="Source\BackgroundBehavior.cpp">
      <Filter>Implementations\Behaviors</Filter>
    </ClCompile>
    <ClCompile Include="Source\BehaviorBackButton.cpp">
      <Filter>Implementations\Behaviors</Filter>
    </ClCompile>
    <ClCompile Include="Source\BehaviorButton.cpp">
      <Filter>Implementations\Behaviors</Filter>
    </ClCompile>
    <ClCompile Include="Source\BehaviorCoinButton.cpp">
      <Filter>Implementations\Behaviors</Filter>
    </ClCompile>
    <ClCompile Include="Source\BehaviorCreditsButton.cpp">
      <Filter>Implementations\Behaviors</Filter>
    </ClCompile>
    <ClCompile Include="Source\BehaviorEmitterExplosion.cpp">
      <Filter>Implementations\Behaviors</Filter>
    </ClCompile>
    <ClCompile Include="Source\BehaviorEmitterKey.cpp">
      <Filter>Implementations\Behaviors</Filter>
    </ClCompile>
    <ClCompile Include="Source\BehaviorEmitterTest.cpp">
      <Filter>Implementations\Behaviors</Filter>
    </ClCompile>
    <ClCompile Include="Source\BehaviorFPSDisplay.cpp">
      <Filter>Implementations\Behaviors</Filter>
    </ClCompile>
    <ClCompile Include="Source\BehaviorGoldCount.cpp">
      <Filter>Implementations\Behaviors</Filter>
    </ClCompile>
    <ClCompile Include="Source\BehaviorHealthBar.cpp">
      <Filter>Implementations\Behaviors</Filter>
    </ClCompile>
    <ClCompile Include="Source\BehaviorMenuButton.cpp">
      <Filter>Implementations\Behaviors</Filter>
    </ClCompile>
    <ClCompile Include="Source\BehaviorPlayButton.cpp">
      <Filter>Implementations\Behaviors</Filter>
    </ClCompile>
    <ClCompile Include="Source\BehaviorResumeButton.cpp">
      <Filter>Implementations\Behaviors</Filter>
    </ClCompile>
    <ClCompile Include="Source\BehaviorRoundTimer.cpp">
      <Filter>Implementations\Behaviors</Filter>
    </ClCompile>
    <ClCompile Include="Source\BehaviorSpawnButton.cpp">
      <Filter>Implementations\Behaviors</Filter>
    </ClCompile>
    <ClCompile Include="Source\BehaviorStar_Programer.cpp">
      <Filter>Implementations\Behaviors</Filter>
    </ClCompile>
    <ClCompile Include="Source\BehaviorStar_Programer_Results.cpp">
      <Filter>Implementations\Behaviors</Filter>
    </ClCompile>
    <ClCompile Include="Source\BehaviorTimer_Results.cpp">
      <Filter>Implementations\Behaviors</Filter>
    </ClCompile>
    <ClCompile Include="Source\BehaviorTutorialButton.cpp">
      <Filter>Implementations\Behaviors</Filter>
    </ClCompile>
    <ClCompile Include="Source\BehaviorUpgradeDButton.cpp">
      <Filter>Implementations\Behaviors</Filter>
    </ClCompile>
    <ClCompile Include="Source\BehaviorVolumeSlider.cpp">
      <Filter>Implementations\Behaviors</Filter>
    </ClCompile>
    <ClCompile Include="Source\BehaviorZeppelinSelectButton.cpp">
      <Filter>Implementations\Behaviors</Filter>
    </ClCompile>
    <ClCompile Include="Source\Transform.cpp">
      <Filter>Implementations\Engine</Filter>
    </ClCompile>
    <ClCompile Include="Source\Animation.cpp">
      <Filter>Implementations\Engine</Filter>
    </ClCompile>
    <ClCompile Include="Source\Audio.cpp">
      <Filter>Implementations\Engine</Filter>
    </ClCompile>
    <ClCompile Include="Source\Behavior.cpp">
      <Filter>Implementations\Engine</Filter>
    </ClCompile>
    <ClCompile Include="Source\Collider.cpp">
      <Filter>Implementations\Engine</Filter>
    </ClCompile>
    <ClCompile Include="Source\Component.cpp">
      <Filter>Implementations\Engine</Filter>
    </ClCompile>
    <ClCompile Include="Source\Engine.cpp">
      <Filter>Implementations\Engine</Filter>
    </ClCompile>
    <ClCompile Include="Source\GameObject.cpp">
      <Filter>Implementations\Engine</Filter>
    </ClCompile>
    <ClCompile Include="Source\GameObjectFactory.cpp">
      <Filter>Implementations\Engine</Filter>
    </ClCompile>
    <ClCompile Include="Source\GameObjectManager.cpp">
      <Filter>Implementations\Engine</Filter>
    </ClCompile>
    <ClCompile Include="Source\Interpolation.cpp">
      <Filter>Implementations\Engine</Filter>
    </ClCompile>
    <ClCompile Include="Source\InterpolManager.cpp">
      <Filter>Implementations\Engine</Filter>
    </ClCompile>
    <ClCompile Include="Source\LaneManager.cpp">
      <Filter>Implementations\Engine</Filter>
    </ClCompile>
    <ClCompile Include="Source\Log.cpp">
      <Filter>Implementations\Engine</Filter>
    </ClCompile>
    <ClCompile Include="Source\Main.cpp">
      <Filter>Implementations\Engine</Filter>
    </ClCompile>
    <ClCompile Include="Source\MEAudio.cpp">
      <Filter>Implementations\Engine</Filter>
    </ClCompile>
    <ClCompile Include="Source\MEEditor.cpp">
      <Filter>Implementations\Engine</Filter>
    </ClCompile>
    <ClCompile Include="Source\MEFramerateController.cpp">
      <Filter>Implementations\Engine</Filter>
    </ClCompile>
    <ClCompile Include="Source\MEInput.cpp">
      <Filter>Implementations\Engine</Filter>
    </ClCompile>
    <ClCompile Include="Source\MERand.cpp">
      <Filter>Implementations\Engine</Filter>
    </ClCompile>
    <ClCompile Include="Source\MERendering.cpp">
      <Filter>Implementations\Engine</Filter>
    </ClCompile>
    <ClCompile Include="Source\MEResources.cpp">
      <Filter>Implementations\Engine</Filter>
    </ClCompile>
    <ClCompile Include="Source\MESerializer.cpp">
      <Filter>Implementations\Engine</Filter>
    </ClCompile>
    <ClCompile Include="Source\Mesh.cpp">
      <Filter>Implementations\Engine</Filter>
    </ClCompile>
    <ClCompile Include="Source\MeshManager.cpp">
      <Filter>Implementations\Engine</Filter>
    </ClCompile>
    <ClCompile Include="Source\MESpace.cpp">
      <Filter>Implementations\Engine</Filter>
    </ClCompile>
    <ClCompile Include="Source\MESpaceManager.cpp">
      <Filter>Implementations\Engine</Filter>
    </ClCompile>
    <ClCompile Include="Source\MEtimer.cpp">
      <Filter>Implementations\Engine</Filter>
    </ClCompile>
    <ClCompile Include="Source\MEWindow.cpp">
      <Filter>Implementations\Engine</Filter>
    </ClCompile>
    <ClCompile Include="Source\OpenGLError.cpp">
      <Filter>Implementations\Engine</Filter>
    </ClCompile>
    <ClCompile Include="Source\ParticleSystem.cpp">
      <Filter>Implementations\Engine</Filter>
    </ClCompile>
    <ClCompile Include="Source\Physics.cpp">
      <Filter>Implementations\Engine</Filter>
    </ClCompile>
    <ClCompile Include="Source\Sprite.cpp">
      <Filter>Implementations\Engine</Filter>
    </ClCompile>
    <ClCompile Include="Source\SpriteSource.cpp">
      <Filter>Implementations\Engine</Filter>
    </ClCompile>
    <ClCompile Include="Source\SpriteSourceManager.cpp">
      <Filter>Implementations\Engine</Filter>
    </ClCompile>
    <ClCompile Include="Source\Stats.cpp">
      <Filter>Implementations\Engine</Filter>
    </ClCompile>
    <ClCompile Include="..\Include\AK\Win32\stdafx.cpp">
      <Filter>Implementations\Engine</Filter>
    </ClCompile>
    <ClCompile Include="stub.cpp">
      <Filter>Implementations\Engine</Filter>
    </ClCompile>
    <ClCompile Include="Source\BehaviorYesButton.cpp">
      <Filter>Implementations\Behaviors</Filter>
    </ClCompile>
    <ClCompile Include="Source\BehaviorBlackSquare.cpp">
      <Filter>Implementations\Behaviors</Filter>
    </ClCompile>
    <ClCompile Include="Source\BehaviorEmitterDeath.cpp">
      <Filter>Implementations\Behaviors</Filter>
    </ClCompile>
    <ClCompile Include="Source\BehaviorNoButton.cpp">
      <Filter>Implementations\Behaviors</Filter>
    </ClCompile>
    <ClCompile Include="Source\BehaviorQuitButton.cpp">
      <Filter>Implementations\Behaviors</Filter>
    </ClCompile>
    <ClCompile Include="Source\BehaviorSettingsButton.cpp">
      <Filter>Implementations\Behaviors</Filter>
    </ClCompile>
    <ClCompile Include="Source\BehaviorVolumeToggle.cpp">
      <Filter>Implementations\Behaviors</Filter>
    </ClCompile>
    <ClCompile Include="Source\BehaviorScreenToggle.cpp">
      <Filter>Implementations\Behaviors</Filter>
    </ClCompile>
    <ClCompile Include="Source\BehaviorCreditReturnButton.cpp">
      <Filter>Implementations\Behaviors</Filter>
    </ClCompile>
    <ClCompile Include="Source\BehaviorMainConfirmButton.cpp">
      <Filter>Implementations\Behaviors</Filter>
    </ClCompile>
    <ClCompile Include="Source\BehaviorRetryButton.cpp">
      <Filter>Implementations\Behaviors</Filter>
    </ClCompile>
    <ClCompile Include="Source\MEFunctionalTesting.cpp">
      <Filter>Implementations\Engine</Filter>
    </ClCompile>
    <ClCompile Include="Source\MEFunctionalTest.cpp">
      <Filter>Implementations\Engine</Filter>
    </ClCompile>
    <ClCompile Include="Source\FTLoadScene.cpp">
      <Filter>Implementations\FunctionalTests</Filter>
    </ClCompile>
  </ItemGroup>
  <ItemGroup>
    <ClInclude Include="..\Mayhem_Wwise\Banks\Wwise_IDs.h" />
    <ClInclude Include="Source\imconfig.h">
      <Filter>ImGui</Filter>
    </ClInclude>
    <ClInclude Include="Source\imgui.h">
      <Filter>ImGui</Filter>
    </ClInclude>
    <ClInclude Include="Source\imgui_internal.h">
      <Filter>ImGui</Filter>
    </ClInclude>
    <ClInclude Include="Source\imstb_rectpack.h">
      <Filter>ImGui</Filter>
    </ClInclude>
    <ClInclude Include="Source\imstb_textedit.h">
      <Filter>ImGui</Filter>
    </ClInclude>
    <ClInclude Include="Source\imstb_truetype.h">
      <Filter>ImGui</Filter>
    </ClInclude>
    <ClInclude Include="Source\imgui_impl_glfw.h">
      <Filter>ImGui</Filter>
    </ClInclude>
    <ClInclude Include="Source\imgui_impl_opengl3.h">
      <Filter>ImGui</Filter>
    </ClInclude>
    <ClInclude Include="Source\imgui_impl_opengl3_loader.h">
      <Filter>ImGui</Filter>
    </ClInclude>
    <ClInclude Include="Source\imgui_stdlib.h">
      <Filter>ImGui</Filter>
    </ClInclude>
    <ClInclude Include="Source\BackgroundBehavior.h">
      <Filter>Headers\Behaviors</Filter>
    </ClInclude>
    <ClInclude Include="Source\BehaviorButton.h">
      <Filter>Headers\Behaviors</Filter>
    </ClInclude>
    <ClInclude Include="Source\BehaviorSpawnButton.h">
      <Filter>Headers\Behaviors</Filter>
    </ClInclude>
    <ClInclude Include="Source\CityBehavior.h">
      <Filter>Headers\Behaviors</Filter>
    </ClInclude>
    <ClInclude Include="Source\TowerBehavior.h">
      <Filter>Headers\Behaviors</Filter>
    </ClInclude>
    <ClInclude Include="Source\ZeppelinBehavior.h">
      <Filter>Headers\Behaviors</Filter>
    </ClInclude>
    <ClInclude Include="Source\CannonBehavior.h">
      <Filter>Headers\Behaviors</Filter>
    </ClInclude>
    <ClInclude Include="Source\BehaviorGoldCount.h">
      <Filter>Headers\Behaviors</Filter>
    </ClInclude>
    <ClInclude Include="Source\BehaviorRoundTimer.h">
      <Filter>Headers\Behaviors</Filter>
    </ClInclude>
    <ClInclude Include="Source\BehaviorCoinButton.h">
      <Filter>Headers\Behaviors</Filter>
    </ClInclude>
    <ClInclude Include="Source\BehaviorZeppelinSelectButton.h">
      <Filter>Headers\Behaviors</Filter>
    </ClInclude>
    <ClInclude Include="Source\BehaviorHealthBar.h">
      <Filter>Headers\Behaviors</Filter>
    </ClInclude>
    <ClInclude Include="Source\BehaviorMenuButton.h">
      <Filter>Headers\Behaviors</Filter>
    </ClInclude>
    <ClInclude Include="Source\BehaviorUpgradeDButton.h">
      <Filter>Headers\Behaviors</Filter>
    </ClInclude>
    <ClInclude Include="Source\BehaviorBackButton.h">
      <Filter>Headers\Behaviors</Filter>
    </ClInclude>
    <ClInclude Include="Source\BehaviorResumeButton.h">
      <Filter>Headers\Behaviors</Filter>
    </ClInclude>
    <ClInclude Include="Source\BehaviorEmitterExplosion.h">
      <Filter>Headers\Behaviors</Filter>
    </ClInclude>
    <ClInclude Include="Source\BehaviorEmitterKey.h">
      <Filter>Headers\Behaviors</Filter>
    </ClInclude>
    <ClInclude Include="Source\BehaviorEmitterTest.h">
      <Filter>Headers\Behaviors</Filter>
    </ClInclude>
    <ClInclude Include="Source\BehaviorStar_Programmer.h">
      <Filter>Headers\Behaviors</Filter>
    </ClInclude>
    <ClInclude Include="Source\BehaviorVolumeSlider.h">
      <Filter>Headers\Behaviors</Filter>
    </ClInclude>
    <ClInclude Include="Source\EmitterBehavior.h">
      <Filter>Headers\Behaviors</Filter>
    </ClInclude>
    <ClInclude Include="Source\BehaviorStar_Programer_Results.h">
      <Filter>Headers\Behaviors</Filter>
    </ClInclude>
    <ClInclude Include="Source\BehaviorCreditsButton.h">
      <Filter>Headers\Behaviors</Filter>
    </ClInclude>
    <ClInclude Include="Source\BehaviorFPSDisplay.h">
      <Filter>Headers\Behaviors</Filter>
    </ClInclude>
    <ClInclude Include="Source\BehaviorTimer_Results.h">
      <Filter>Headers\Behaviors</Filter>
    </ClInclude>
    <ClInclude Include="Source\Animation.h">
      <Filter>Headers\Engine</Filter>
    </ClInclude>
    <ClInclude Include="Source\Audio.h">
      <Filter>Headers\Engine</Filter>
    </ClInclude>
    <ClInclude Include="Source\Behavior.h">
      <Filter>Headers\Engine</Filter>
    </ClInclude>
    <ClInclude Include="Source\Collider.h">
      <Filter>Headers\Engine</Filter>
    </ClInclude>
    <ClInclude Include="Source\Component.h">
      <Filter>Headers\Engine</Filter>
    </ClInclude>
    <ClInclude Include="Source\Engine.h">
      <Filter>Headers\Engine</Filter>
    </ClInclude>
    <ClInclude Include="Source\GameObject.h">
      <Filter>Headers\Engine</Filter>
    </ClInclude>
    <ClInclude Include="Source\GameObjectFactory.h">
      <Filter>Headers\Engine</Filter>
    </ClInclude>
    <ClInclude Include="Source\GameObjectManager.h">
      <Filter>Headers\Engine</Filter>
    </ClInclude>
    <ClInclude Include="Source\Interpolation.h">
      <Filter>Headers\Engine</Filter>
    </ClInclude>
    <ClInclude Include="Source\InterpolManager.h">
      <Filter>Headers\Engine</Filter>
    </ClInclude>
    <ClInclude Include="Source\LaneManager.h">
      <Filter>Headers\Engine</Filter>
    </ClInclude>
    <ClInclude Include="Source\Log.h">
      <Filter>Headers\Engine</Filter>
    </ClInclude>
    <ClInclude Include="Source\MEAudio.h">
      <Filter>Headers\Engine</Filter>
    </ClInclude>
    <ClInclude Include="Source\MEEditor.h">
      <Filter>Headers\Engine</Filter>
    </ClInclude>
    <ClInclude Include="Source\MEFramerateController.h">
      <Filter>Headers\Engine</Filter>
    </ClInclude>
    <ClInclude Include="Source\MEInput.h">
      <Filter>Headers\Engine</Filter>
    </ClInclude>
    <ClInclude Include="Source\MERand.h">
      <Filter>Headers\Engine</Filter>
    </ClInclude>
    <ClInclude Include="Source\MERendering.h">
      <Filter>Headers\Engine</Filter>
    </ClInclude>
    <ClInclude Include="Source\MEResources.h">
      <Filter>Headers\Engine</Filter>
    </ClInclude>
    <ClInclude Include="Source\MESerializer.h">
      <Filter>Headers\Engine</Filter>
    </ClInclude>
    <ClInclude Include="Source\Mesh.h">
      <Filter>Headers\Engine</Filter>
    </ClInclude>
    <ClInclude Include="Source\MeshManager.h">
      <Filter>Headers\Engine</Filter>
    </ClInclude>
    <ClInclude Include="Source\MESpace.h">
      <Filter>Headers\Engine</Filter>
    </ClInclude>
    <ClInclude Include="Source\MESpaceManager.h">
      <Filter>Headers\Engine</Filter>
    </ClInclude>
    <ClInclude Include="Source\MEtimer.h">
      <Filter>Headers\Engine</Filter>
    </ClInclude>
    <ClInclude Include="Source\MEWindow.h">
      <Filter>Headers\Engine</Filter>
    </ClInclude>
    <ClInclude Include="Source\OpenGLError.h">
      <Filter>Headers\Engine</Filter>
    </ClInclude>
    <ClInclude Include="Source\ParticleSystem.h">
      <Filter>Headers\Engine</Filter>
    </ClInclude>
    <ClInclude Include="Source\Physics.h">
      <Filter>Headers\Engine</Filter>
    </ClInclude>
    <ClInclude Include="Source\SpaceSandbox.h">
      <Filter>Headers\Engine</Filter>
    </ClInclude>
    <ClInclude Include="Source\Sprite.h">
      <Filter>Headers\Engine</Filter>
    </ClInclude>
    <ClInclude Include="Source\SpriteSource.h">
      <Filter>Headers\Engine</Filter>
    </ClInclude>
    <ClInclude Include="Source\SpriteSourceManager.h">
      <Filter>Headers\Engine</Filter>
    </ClInclude>
    <ClInclude Include="Source\Stats.h">
      <Filter>Headers\Engine</Filter>
    </ClInclude>
    <ClInclude Include="stub.h">
      <Filter>Headers\Engine</Filter>
    </ClInclude>
    <ClInclude Include="Source\Transform.h">
      <Filter>Headers\Engine</Filter>
    </ClInclude>
    <ClInclude Include="Source\BehaviorBlackSquare.h">
      <Filter>Headers\Behaviors</Filter>
    </ClInclude>
    <ClInclude Include="Source\BehaviorEmitterDeath.h">
      <Filter>Headers\Behaviors</Filter>
    </ClInclude>
    <ClInclude Include="Source\BehaviorNoButton.h">
      <Filter>Headers\Behaviors</Filter>
    </ClInclude>
    <ClInclude Include="Source\BehaviorQuitButton.h">
      <Filter>Headers\Behaviors</Filter>
    </ClInclude>
    <ClInclude Include="Source\BehaviorYesButton.h">
      <Filter>Headers\Behaviors</Filter>
    </ClInclude>
    <ClInclude Include="Source\BehaviorVolumeToggle.h">
      <Filter>Headers\Behaviors</Filter>
    </ClInclude>
    <ClInclude Include="Source\BehaviorScreenToggle.h">
      <Filter>Headers\Behaviors</Filter>
    </ClInclude>
    <ClInclude Include="Source\BehaviorCreditReturnButton.h">
      <Filter>Headers\Behaviors</Filter>
    </ClInclude>
    <ClInclude Include="Source\BehaviorMainConfirmButton.h">
      <Filter>Headers\Behaviors</Filter>
    </ClInclude>
    <ClInclude Include="Source\BehaviorRetryButton.h">
      <Filter>Headers\Behaviors</Filter>
    </ClInclude>
    <ClInclude Include="Source\BehaviorSettingsButton.h">
      <Filter>Headers\Behaviors</Filter>
    </ClInclude>
    <ClInclude Include="Source\BehaviorTutorialButton.h">
      <Filter>Headers\Behaviors</Filter>
    </ClInclude>
    <ClInclude Include="Source\MEFunctionalTesting.h">
      <Filter>Implementations\Engine</Filter>
    </ClInclude>
    <ClInclude Include="Source\MEFunctionalTest.h">
      <Filter>Implementations\Engine</Filter>
    </ClInclude>
    <ClInclude Include="Source\FTLoadScene.h">
      <Filter>Implementations\FunctionalTests</Filter>
    </ClInclude>
    <ClInclude Include="Source\METestSuite.h">
      <Filter>Implementations\FunctionalTests</Filter>
    </ClInclude>
  </ItemGroup>
  <ItemGroup>
    <Filter Include="Implementations">
      <UniqueIdentifier>{4bf7bf43-a0cc-4521-ae23-e86c5d9d4fd1}</UniqueIdentifier>
    </Filter>
    <Filter Include="Headers">
      <UniqueIdentifier>{64bc19a1-92ab-4b5a-9b40-bd754cc95c98}</UniqueIdentifier>
    </Filter>
    <Filter Include="AK">
      <UniqueIdentifier>{bcfc1fe6-83a6-4450-b47b-a8684065d3f8}</UniqueIdentifier>
    </Filter>
    <Filter Include="ImGui">
      <UniqueIdentifier>{4f4ae06b-9706-4f15-a05b-c3de570fc0b5}</UniqueIdentifier>
    </Filter>
    <Filter Include="Implementations\Behaviors">
      <UniqueIdentifier>{b27f0963-bb82-4c09-9165-ce3c1437fad7}</UniqueIdentifier>
    </Filter>
    <Filter Include="Headers\Behaviors">
      <UniqueIdentifier>{afef4529-b716-4bcd-9a33-d5dc1aeb7425}</UniqueIdentifier>
    </Filter>
    <Filter Include="Headers\Engine">
      <UniqueIdentifier>{3f3cf899-4b04-42da-b2e0-7ec623101e89}</UniqueIdentifier>
    </Filter>
    <Filter Include="Implementations\Engine">
      <UniqueIdentifier>{dd198259-f50f-4b6b-9d27-a4c5074cb7ae}</UniqueIdentifier>
    </Filter>
    <Filter Include="Implementations\FunctionalTests">
      <UniqueIdentifier>{7cea76d5-80e1-40f5-8e81-8f01177a1299}</UniqueIdentifier>
    </Filter>
  </ItemGroup>
</Project>